speakeasyVersion: 1.517.3
sources:
    my-source:
        sourceNamespace: my-source
        sourceRevisionDigest: sha256:05f17d0a28e812d57bd585cf2210eaa2c0bb3624fe3cff1a85f096dc7b3a1984
        sourceBlobDigest: sha256:9d4f7944ac1a30c5c010a4f3f18c31897dd49d5d652d80a552548e722e464dbc
        tags:
            - latest
            - speakeasy-sdk-regen-1741967727
            - 1.0.0
targets:
    StackOneRubyClient:
        source: my-source
        sourceNamespace: my-source
        sourceRevisionDigest: sha256:05f17d0a28e812d57bd585cf2210eaa2c0bb3624fe3cff1a85f096dc7b3a1984
        sourceBlobDigest: sha256:9d4f7944ac1a30c5c010a4f3f18c31897dd49d5d652d80a552548e722e464dbc
        codeSamplesNamespace: code-samples-ruby-stackonerubyclient
        codeSamplesRevisionDigest: sha256:4d362f5227329ea9aaf311bee0725f0cb1fecba7558fcd62bf61bf231012d4e4
workflow:
    workflowVersion: 1.0.0
    speakeasyVersion: latest
    sources:
        my-source:
            inputs:
                - location: https://api.eu1.stackone.com/oas/stackone.json
                - location: https://api.eu1.stackone.com/oas/hris.json
                - location: https://api.eu1.stackone.com/oas/ats.json
                - location: https://api.eu1.stackone.com/oas/crm.json
                - location: https://api.eu1.stackone.com/oas/marketing.json
                - location: https://api.eu1.stackone.com/oas/lms.json
                - location: https://api.eu1.stackone.com/oas/iam.json
            registry:
                location: registry.speakeasyapi.dev/stackone/stackone/my-source
    targets:
        StackOneRubyClient:
            target: ruby
            source: my-source
            publish:
                rubygems:
                    token: $RUBYGEMS_AUTH_TOKEN
            codeSamples:
                output: codeSamples.yaml
                registry:
                    location: registry.speakeasyapi.dev/stackone/stackone/code-samples-ruby-stackonerubyclient
