speakeasyVersion: 1.513.4
sources:
    my-source:
        sourceNamespace: my-source
        sourceRevisionDigest: sha256:ac0501187a699592b05193305e407af2c3823d6df0ad77e4935e506c3556f206
        sourceBlobDigest: sha256:051f166072a3ef4eb117d7d2bec04db284015e0595b10f773cfb31e508fc8732
        tags:
            - latest
            - speakeasy-sdk-regen-1741597287
            - 1.0.0
targets:
    StackOneRubyClient:
        source: my-source
        sourceNamespace: my-source
        sourceRevisionDigest: sha256:ac0501187a699592b05193305e407af2c3823d6df0ad77e4935e506c3556f206
        sourceBlobDigest: sha256:051f166072a3ef4eb117d7d2bec04db284015e0595b10f773cfb31e508fc8732
        codeSamplesNamespace: code-samples-ruby-stackonerubyclient
        codeSamplesRevisionDigest: sha256:b6e42ea3de4bb895bdebbbbf1bb0af2144f9273f990f383eb308325d5030d246
workflow:
    workflowVersion: 1.0.0
    speakeasyVersion: latest
    sources:
        my-source:
            inputs:
                - location: https://api.eu1.stackone.com/oas/stackone.json
                - location: https://api.eu1.stackone.com/oas/hris.json
                - location: https://api.eu1.stackone.com/oas/ats.json
                - location: https://api.eu1.stackone.com/oas/crm.json
                - location: https://api.eu1.stackone.com/oas/marketing.json
                - location: https://api.eu1.stackone.com/oas/lms.json
                - location: https://api.eu1.stackone.com/oas/iam.json
            registry:
                location: registry.speakeasyapi.dev/stackone/stackone/my-source
    targets:
        StackOneRubyClient:
            target: ruby
            source: my-source
            publish:
                rubygems:
                    token: $RUBYGEMS_AUTH_TOKEN
            codeSamples:
                output: codeSamples.yaml
                registry:
                    location: registry.speakeasyapi.dev/stackone/stackone/code-samples-ruby-stackonerubyclient
