speakeasyVersion: 1.468.2
sources:
    my-source:
        sourceNamespace: my-source
        sourceRevisionDigest: sha256:68aa44ef98d34edf9ee7eb0360c9e1e541f4b44c5bd206b10a096a797b76a42d
        sourceBlobDigest: sha256:b68fd428550f505ceab272d606b7e1233ee8bb40d9db9b6cc9ad8de0c0bc544e
        tags:
            - latest
            - speakeasy-sdk-regen-1736758892
            - 1.0.0
targets:
    StackOneRubyClient:
        source: my-source
        sourceNamespace: my-source
        sourceRevisionDigest: sha256:68aa44ef98d34edf9ee7eb0360c9e1e541f4b44c5bd206b10a096a797b76a42d
        sourceBlobDigest: sha256:b68fd428550f505ceab272d606b7e1233ee8bb40d9db9b6cc9ad8de0c0bc544e
        codeSamplesNamespace: code-samples-ruby-stackonerubyclient
        codeSamplesRevisionDigest: sha256:0d01863a50bff8726b21d471baa6b35f68d8e6fa8695bc55394843aff15cd355
workflow:
    workflowVersion: 1.0.0
    speakeasyVersion: latest
    sources:
        my-source:
            inputs:
                - location: https://api.eu1.stackone.com/oas/stackone.json
                - location: https://api.eu1.stackone.com/oas/hris.json
                - location: https://api.eu1.stackone.com/oas/ats.json
                - location: https://api.eu1.stackone.com/oas/crm.json
                - location: https://api.eu1.stackone.com/oas/marketing.json
                - location: https://api.eu1.stackone.com/oas/lms.json
                - location: https://api.eu1.stackone.com/oas/iam.json
            registry:
                location: registry.speakeasyapi.dev/stackone/stackone/my-source
    targets:
        StackOneRubyClient:
            target: ruby
            source: my-source
            publish:
                rubygems:
                    token: $RUBYGEMS_AUTH_TOKEN
            codeSamples:
                output: codeSamples.yaml
                registry:
                    location: registry.speakeasyapi.dev/stackone/stackone/code-samples-ruby-stackonerubyclient
